
Microsoft Visual Studio Solution File, Format Version 12.00
# Visual Studio Version 17
VisualStudioVersion = 17.6.33829.357
MinimumVisualStudioVersion = 10.0.40219.1
Project("{9A19103F-16F7-4668-BE54-9A1E7A4F7556}") = "NameAddressApi", "NameAddressApi\NameAddressApi.csproj", "{0A5DB892-C266-4E64-9218-4CE87AB725DE}"
EndProject
Project("{E24C65DC-7377-472B-9ABA-BC803B73C61A}") = "NameAddressApp", "NameAddressApp\", "{DB6C5FA7-A9A7-40F7-A717-792374CCD188}"
	ProjectSection(WebsiteProperties) = preProject
		TargetFrameworkMoniker = ".NETFramework,Version%3Dv4.0"
		Debug.AspNetCompiler.VirtualPath = "/localhost_59642"
		Debug.AspNetCompiler.PhysicalPath = "NameAddressApp\"
		Debug.AspNetCompiler.TargetPath = "PrecompiledWeb\localhost_59642\"
		Debug.AspNetCompiler.Updateable = "true"
		Debug.AspNetCompiler.ForceOverwrite = "true"
		Debug.AspNetCompiler.FixedNames = "false"
		Debug.AspNetCompiler.Debug = "True"
		Release.AspNetCompiler.VirtualPath = "/localhost_59642"
		Release.AspNetCompiler.PhysicalPath = "NameAddressApp\"
		Release.AspNetCompiler.TargetPath = "PrecompiledWeb\localhost_59642\"
		Release.AspNetCompiler.Updateable = "true"
		Release.AspNetCompiler.ForceOverwrite = "true"
		Release.AspNetCompiler.FixedNames = "false"
		Release.AspNetCompiler.Debug = "False"
		VWDPort = "59642"
		SlnRelativePath = "NameAddressApp\"
	EndProjectSection
EndProject
Project("{9A19103F-16F7-4668-BE54-9A1E7A4F7556}") = "NameAddressApi.Tests", "NameAddressApi.Tests\NameAddressApi.Tests.csproj", "{ECC146BA-E82E-4B9F-8E5B-3F4FADE71A56}"
EndProject
Project("{2150E333-8FDC-42A3-9474-1A3956D46DE8}") = "Solution Items", "Solution Items", "{BEBE26FC-5A18-483B-827D-26460122C359}"
	ProjectSection(SolutionItems) = preProject
		README.md = README.md
	EndProjectSection
EndProject
Global
	GlobalSection(SolutionConfigurationPlatforms) = preSolution
		Debug|Any CPU = Debug|Any CPU
		Release|Any CPU = Release|Any CPU
	EndGlobalSection
	GlobalSection(ProjectConfigurationPlatforms) = postSolution
		{0A5DB892-C266-4E64-9218-4CE87AB725DE}.Debug|Any CPU.ActiveCfg = Debug|Any CPU
		{0A5DB892-C266-4E64-9218-4CE87AB725DE}.Debug|Any CPU.Build.0 = Debug|Any CPU
		{0A5DB892-C266-4E64-9218-4CE87AB725DE}.Release|Any CPU.ActiveCfg = Release|Any CPU
		{0A5DB892-C266-4E64-9218-4CE87AB725DE}.Release|Any CPU.Build.0 = Release|Any CPU
		{DB6C5FA7-A9A7-40F7-A717-792374CCD188}.Debug|Any CPU.ActiveCfg = Debug|Any CPU
		{DB6C5FA7-A9A7-40F7-A717-792374CCD188}.Debug|Any CPU.Build.0 = Debug|Any CPU
		{DB6C5FA7-A9A7-40F7-A717-792374CCD188}.Release|Any CPU.ActiveCfg = Debug|Any CPU
		{DB6C5FA7-A9A7-40F7-A717-792374CCD188}.Release|Any CPU.Build.0 = Debug|Any CPU
		{ECC146BA-E82E-4B9F-8E5B-3F4FADE71A56}.Debug|Any CPU.ActiveCfg = Debug|Any CPU
		{ECC146BA-E82E-4B9F-8E5B-3F4FADE71A56}.Debug|Any CPU.Build.0 = Debug|Any CPU
		{ECC146BA-E82E-4B9F-8E5B-3F4FADE71A56}.Release|Any CPU.ActiveCfg = Release|Any CPU
		{ECC146BA-E82E-4B9F-8E5B-3F4FADE71A56}.Release|Any CPU.Build.0 = Release|Any CPU
	EndGlobalSection
	GlobalSection(SolutionProperties) = preSolution
		HideSolutionNode = FALSE
	EndGlobalSection
	GlobalSection(ExtensibilityGlobals) = postSolution
		SolutionGuid = {2073F970-6FFA-445D-A37D-0E67F182EF12}
	EndGlobalSection
EndGlobal
